// !$*UTF8*$!
{
	archiveVersion = 1;
	classes = {
	};
	objectVersion = 50;
	objects = {

/* Begin PBXBuildFile section */
		8C16ED9E248C7E2700AEE8FE /* AppDelegate.swift in Sources */ = {isa = PBXBuildFile; fileRef = 8C16ED9D248C7E2700AEE8FE /* AppDelegate.swift */; };
		8C16EDA0248C7E2700AEE8FE /* SceneDelegate.swift in Sources */ = {isa = PBXBuildFile; fileRef = 8C16ED9F248C7E2700AEE8FE /* SceneDelegate.swift */; };
		8C16EDA2248C7E2700AEE8FE /* ContentView.swift in Sources */ = {isa = PBXBuildFile; fileRef = 8C16EDA1248C7E2700AEE8FE /* ContentView.swift */; };
		8C16EDA4248C7E2A00AEE8FE /* Assets.xcassets in Resources */ = {isa = PBXBuildFile; fileRef = 8C16EDA3248C7E2A00AEE8FE /* Assets.xcassets */; };
		8C16EDA7248C7E2A00AEE8FE /* Preview Assets.xcassets in Resources */ = {isa = PBXBuildFile; fileRef = 8C16EDA6248C7E2A00AEE8FE /* Preview Assets.xcassets */; };
		8C16EDAA248C7E2A00AEE8FE /* LaunchScreen.storyboard in Resources */ = {isa = PBXBuildFile; fileRef = 8C16EDA8248C7E2A00AEE8FE /* LaunchScreen.storyboard */; };
		8C16EDC5248C8F6200AEE8FE /* LogoView.swift in Sources */ = {isa = PBXBuildFile; fileRef = 8C16EDC4248C8F6200AEE8FE /* LogoView.swift */; };
		8C16EDC7248C8FAF00AEE8FE /* Modifiers.swift in Sources */ = {isa = PBXBuildFile; fileRef = 8C16EDC6248C8FAF00AEE8FE /* Modifiers.swift */; };
		8C16EDC9248C92AD00AEE8FE /* Extensions.swift in Sources */ = {isa = PBXBuildFile; fileRef = 8C16EDC8248C92AD00AEE8FE /* Extensions.swift */; };
		8C16EDD6248C95A400AEE8FE /* background-music.mp3 in Resources */ = {isa = PBXBuildFile; fileRef = 8C16EDCE248C95A400AEE8FE /* background-music.mp3 */; };
		8C16EDD7248C95A400AEE8FE /* high-score.mp3 in Resources */ = {isa = PBXBuildFile; fileRef = 8C16EDCF248C95A400AEE8FE /* high-score.mp3 */; };
		8C16EDD8248C95A400AEE8FE /* casino-chips.mp3 in Resources */ = {isa = PBXBuildFile; fileRef = 8C16EDD0248C95A400AEE8FE /* casino-chips.mp3 */; };
		8C16EDD9248C95A400AEE8FE /* chimeup.mp3 in Resources */ = {isa = PBXBuildFile; fileRef = 8C16EDD1248C95A400AEE8FE /* chimeup.mp3 */; };
		8C16EDDA248C95A400AEE8FE /* riseup.mp3 in Resources */ = {isa = PBXBuildFile; fileRef = 8C16EDD2248C95A400AEE8FE /* riseup.mp3 */; };
		8C16EDDB248C95A400AEE8FE /* game-over.mp3 in Resources */ = {isa = PBXBuildFile; fileRef = 8C16EDD3248C95A400AEE8FE /* game-over.mp3 */; };
		8C16EDDC248C95A400AEE8FE /* win.mp3 in Resources */ = {isa = PBXBuildFile; fileRef = 8C16EDD4248C95A400AEE8FE /* win.mp3 */; };
		8C16EDDD248C95A400AEE8FE /* spin.mp3 in Resources */ = {isa = PBXBuildFile; fileRef = 8C16EDD5248C95A400AEE8FE /* spin.mp3 */; };
/* End PBXBuildFile section */

/* Begin PBXFileReference section */
		8C16ED9A248C7E2700AEE8FE /* Slot Machine.app */ = {isa = PBXFileReference; explicitFileType = wrapper.application; includeInIndex = 0; path = "Slot Machine.app"; sourceTree = BUILT_PRODUCTS_DIR; };
		8C16ED9D248C7E2700AEE8FE /* AppDelegate.swift */ = {isa = PBXFileReference; lastKnownFileType = sourcecode.swift; path = AppDelegate.swift; sourceTree = "<group>"; };
		8C16ED9F248C7E2700AEE8FE /* SceneDelegate.swift */ = {isa = PBXFileReference; lastKnownFileType = sourcecode.swift; path = SceneDelegate.swift; sourceTree = "<group>"; };
		8C16EDA1248C7E2700AEE8FE /* ContentView.swift */ = {isa = PBXFileReference; lastKnownFileType = sourcecode.swift; path = ContentView.swift; sourceTree = "<group>"; };
		8C16EDA3248C7E2A00AEE8FE /* Assets.xcassets */ = {isa = PBXFileReference; lastKnownFileType = folder.assetcatalog; path = Assets.xcassets; sourceTree = "<group>"; };
		8C16EDA6248C7E2A00AEE8FE /* Preview Assets.xcassets */ = {isa = PBXFileReference; lastKnownFileType = folder.assetcatalog; path = "Preview Assets.xcassets"; sourceTree = "<group>"; };
		8C16EDA9248C7E2A00AEE8FE /* Base */ = {isa = PBXFileReference; lastKnownFileType = file.storyboard; name = Base; path = Base.lproj/LaunchScreen.storyboard; sourceTree = "<group>"; };
		8C16EDAB248C7E2A00AEE8FE /* Info.plist */ = {isa = PBXFileReference; lastKnownFileType = text.plist.xml; path = Info.plist; sourceTree = "<group>"; };
		8C16EDC4248C8F6200AEE8FE /* LogoView.swift */ = {isa = PBXFileReference; lastKnownFileType = sourcecode.swift; path = LogoView.swift; sourceTree = "<group>"; };
		8C16EDC6248C8FAF00AEE8FE /* Modifiers.swift */ = {isa = PBXFileReference; lastKnownFileType = sourcecode.swift; path = Modifiers.swift; sourceTree = "<group>"; };
		8C16EDC8248C92AD00AEE8FE /* Extensions.swift */ = {isa = PBXFileReference; lastKnownFileType = sourcecode.swift; path = Extensions.swift; sourceTree = "<group>"; };
		8C16EDCE248C95A400AEE8FE /* background-music.mp3 */ = {isa = PBXFileReference; lastKnownFileType = audio.mp3; name = "background-music.mp3"; path = "../../../../Resources/Sounds/background-music.mp3"; sourceTree = "<group>"; };
		8C16EDCF248C95A400AEE8FE /* high-score.mp3 */ = {isa = PBXFileReference; lastKnownFileType = audio.mp3; name = "high-score.mp3"; path = "../../../../Resources/Sounds/high-score.mp3"; sourceTree = "<group>"; };
		8C16EDD0248C95A400AEE8FE /* casino-chips.mp3 */ = {isa = PBXFileReference; lastKnownFileType = audio.mp3; name = "casino-chips.mp3"; path = "../../../../Resources/Sounds/casino-chips.mp3"; sourceTree = "<group>"; };
		8C16EDD1248C95A400AEE8FE /* chimeup.mp3 */ = {isa = PBXFileReference; lastKnownFileType = audio.mp3; name = chimeup.mp3; path = ../../../../Resources/Sounds/chimeup.mp3; sourceTree = "<group>"; };
		8C16EDD2248C95A400AEE8FE /* riseup.mp3 */ = {isa = PBXFileReference; lastKnownFileType = audio.mp3; name = riseup.mp3; path = ../../../../Resources/Sounds/riseup.mp3; sourceTree = "<group>"; };
		8C16EDD3248C95A400AEE8FE /* game-over.mp3 */ = {isa = PBXFileReference; lastKnownFileType = audio.mp3; name = "game-over.mp3"; path = "../../../../Resources/Sounds/game-over.mp3"; sourceTree = "<group>"; };
		8C16EDD4248C95A400AEE8FE /* win.mp3 */ = {isa = PBXFileReference; lastKnownFileType = audio.mp3; name = win.mp3; path = ../../../../Resources/Sounds/win.mp3; sourceTree = "<group>"; };
		8C16EDD5248C95A400AEE8FE /* spin.mp3 */ = {isa = PBXFileReference; lastKnownFileType = audio.mp3; name = spin.mp3; path = ../../../../Resources/Sounds/spin.mp3; sourceTree = "<group>"; };
/* End PBXFileReference section */

/* Begin PBXFrameworksBuildPhase section */
		8C16ED97248C7E2700AEE8FE /* Frameworks */ = {
			isa = PBXFrameworksBuildPhase;
			buildActionMask = 2147483647;
			files = (
			);
			runOnlyForDeploymentPostprocessing = 0;
		};
/* End PBXFrameworksBuildPhase section */

/* Begin PBXGroup section */
		8C16ED91248C7E2700AEE8FE = {
			isa = PBXGroup;
			children = (
				8C16ED9C248C7E2700AEE8FE /* Slot Machine */,
				8C16ED9B248C7E2700AEE8FE /* Products */,
			);
			sourceTree = "<group>";
		};
		8C16ED9B248C7E2700AEE8FE /* Products */ = {
			isa = PBXGroup;
			children = (
				8C16ED9A248C7E2700AEE8FE /* Slot Machine.app */,
			);
			name = Products;
			sourceTree = "<group>";
		};
		8C16ED9C248C7E2700AEE8FE /* Slot Machine */ = {
			isa = PBXGroup;
			children = (
				8C16EDC2248C815600AEE8FE /* Views */,
				8C16EDC3248C817700AEE8FE /* Helpers */,
				8C16EDC1248C813100AEE8FE /* Sounds */,
				8C16ED9D248C7E2700AEE8FE /* AppDelegate.swift */,
				8C16ED9F248C7E2700AEE8FE /* SceneDelegate.swift */,
				8C16EDA3248C7E2A00AEE8FE /* Assets.xcassets */,
				8C16EDA8248C7E2A00AEE8FE /* LaunchScreen.storyboard */,
				8C16EDAB248C7E2A00AEE8FE /* Info.plist */,
				8C16EDA5248C7E2A00AEE8FE /* Preview Content */,
			);
			path = "Slot Machine";
			sourceTree = "<group>";
		};
		8C16EDA5248C7E2A00AEE8FE /* Preview Content */ = {
			isa = PBXGroup;
			children = (
				8C16EDA6248C7E2A00AEE8FE /* Preview Assets.xcassets */,
			);
			path = "Preview Content";
			sourceTree = "<group>";
		};
		8C16EDC1248C813100AEE8FE /* Sounds */ = {
			isa = PBXGroup;
			children = (
				8C16EDCE248C95A400AEE8FE /* background-music.mp3 */,
				8C16EDD0248C95A400AEE8FE /* casino-chips.mp3 */,
				8C16EDD1248C95A400AEE8FE /* chimeup.mp3 */,
				8C16EDD3248C95A400AEE8FE /* game-over.mp3 */,
				8C16EDCF248C95A400AEE8FE /* high-score.mp3 */,
				8C16EDD2248C95A400AEE8FE /* riseup.mp3 */,
				8C16EDD5248C95A400AEE8FE /* spin.mp3 */,
				8C16EDD4248C95A400AEE8FE /* win.mp3 */,
			);
			path = Sounds;
			sourceTree = "<group>";
		};
		8C16EDC2248C815600AEE8FE /* Views */ = {
			isa = PBXGroup;
			children = (
				8C16EDA1248C7E2700AEE8FE /* ContentView.swift */,
				8C16EDC4248C8F6200AEE8FE /* LogoView.swift */,
			);
			path = Views;
			sourceTree = "<group>";
		};
		8C16EDC3248C817700AEE8FE /* Helpers */ = {
			isa = PBXGroup;
			children = (
				8C16EDC6248C8FAF00AEE8FE /* Modifiers.swift */,
				8C16EDC8248C92AD00AEE8FE /* Extensions.swift */,
			);
			path = Helpers;
			sourceTree = "<group>";
		};
/* End PBXGroup section */

/* Begin PBXNativeTarget section */
		8C16ED99248C7E2700AEE8FE /* Slot Machine */ = {
			isa = PBXNativeTarget;
			buildConfigurationList = 8C16EDAE248C7E2A00AEE8FE /* Build configuration list for PBXNativeTarget "Slot Machine" */;
			buildPhases = (
				8C16ED96248C7E2700AEE8FE /* Sources */,
				8C16ED97248C7E2700AEE8FE /* Frameworks */,
				8C16ED98248C7E2700AEE8FE /* Resources */,
			);
			buildRules = (
			);
			dependencies = (
			);
			name = "Slot Machine";
			productName = "Slot Machine";
			productReference = 8C16ED9A248C7E2700AEE8FE /* Slot Machine.app */;
			productType = "com.apple.product-type.application";
		};
/* End PBXNativeTarget section */

/* Begin PBXProject section */
		8C16ED92248C7E2700AEE8FE /* Project object */ = {
			isa = PBXProject;
			attributes = {
				LastSwiftUpdateCheck = 1150;
				LastUpgradeCheck = 1150;
				ORGANIZATIONNAME = "Shohei Hayashi";
				TargetAttributes = {
					8C16ED99248C7E2700AEE8FE = {
						CreatedOnToolsVersion = 11.5;
					};
				};
			};
			buildConfigurationList = 8C16ED95248C7E2700AEE8FE /* Build configuration list for PBXProject "Slot Machine" */;
			compatibilityVersion = "Xcode 9.3";
			developmentRegion = en;
			hasScannedForEncodings = 0;
			knownRegions = (
				en,
				Base,
			);
			mainGroup = 8C16ED91248C7E2700AEE8FE;
			productRefGroup = 8C16ED9B248C7E2700AEE8FE /* Products */;
			projectDirPath = "";
			projectRoot = "";
			targets = (
				8C16ED99248C7E2700AEE8FE /* Slot Machine */,
			);
		};
/* End PBXProject section */

/* Begin PBXResourcesBuildPhase section */
		8C16ED98248C7E2700AEE8FE /* Resources */ = {
			isa = PBXResourcesBuildPhase;
			buildActionMask = 2147483647;
			files = (
				8C16EDDA248C95A400AEE8FE /* riseup.mp3 in Resources */,
				8C16EDDC248C95A400AEE8FE /* win.mp3 in Resources */,
				8C16EDAA248C7E2A00AEE8FE /* LaunchScreen.storyboard in Resources */,
				8C16EDD6248C95A400AEE8FE /* background-music.mp3 in Resources */,
				8C16EDD8248C95A400AEE8FE /* casino-chips.mp3 in Resources */,
				8C16EDD9248C95A400AEE8FE /* chimeup.mp3 in Resources */,
				8C16EDDB248C95A400AEE8FE /* game-over.mp3 in Resources */,
				8C16EDDD248C95A400AEE8FE /* spin.mp3 in Resources */,
				8C16EDA7248C7E2A00AEE8FE /* Preview Assets.xcassets in Resources */,
				8C16EDA4248C7E2A00AEE8FE /* Assets.xcassets in Resources */,
				8C16EDD7248C95A400AEE8FE /* high-score.mp3 in Resources */,
			);
			runOnlyForDeploymentPostprocessing = 0;
		};
/* End PBXResourcesBuildPhase section */

/* Begin PBXSourcesBuildPhase section */
		8C16ED96248C7E2700AEE8FE /* Sources */ = {
			isa = PBXSourcesBuildPhase;
			buildActionMask = 2147483647;
			files = (
				8C16ED9E248C7E2700AEE8FE /* AppDelegate.swift in Sources */,
				8C16EDC9248C92AD00AEE8FE /* Extensions.swift in Sources */,
				8C16EDC5248C8F6200AEE8FE /* LogoView.swift in Sources */,
				8C16EDA0248C7E2700AEE8FE /* SceneDelegate.swift in Sources */,
				8C16EDA2248C7E2700AEE8FE /* ContentView.swift in Sources */,
				8C16EDC7248C8FAF00AEE8FE /* Modifiers.swift in Sources */,
			);
			runOnlyForDeploymentPostprocessing = 0;
		};
/* End PBXSourcesBuildPhase section */

/* Begin PBXVariantGroup section */
		8C16EDA8248C7E2A00AEE8FE /* LaunchScreen.storyboard */ = {
			isa = PBXVariantGroup;
			children = (
				8C16EDA9248C7E2A00AEE8FE /* Base */,
			);
			name = LaunchScreen.storyboard;
			sourceTree = "<group>";
		};
/* End PBXVariantGroup section */

/* Begin XCBuildConfiguration section */
		8C16EDAC248C7E2A00AEE8FE /* Debug */ = {
			isa = XCBuildConfiguration;
			buildSettings = {
				ALWAYS_SEARCH_USER_PATHS = NO;
				CLANG_ANALYZER_NONNULL = YES;
				CLANG_ANALYZER_NUMBER_OBJECT_CONVERSION = YES_AGGRESSIVE;
				CLANG_CXX_LANGUAGE_STANDARD = "gnu++14";
				CLANG_CXX_LIBRARY = "libc++";
				CLANG_ENABLE_MODULES = YES;
				CLANG_ENABLE_OBJC_ARC = YES;
				CLANG_ENABLE_OBJC_WEAK = YES;
				CLANG_WARN_BLOCK_CAPTURE_AUTORELEASING = YES;
				CLANG_WARN_BOOL_CONVERSION = YES;
				CLANG_WARN_COMMA = YES;
				CLANG_WARN_CONSTANT_CONVERSION = YES;
				CLANG_WARN_DEPRECATED_OBJC_IMPLEMENTATIONS = YES;
				CLANG_WARN_DIRECT_OBJC_ISA_USAGE = YES_ERROR;
				CLANG_WARN_DOCUMENTATION_COMMENTS = YES;
				CLANG_WARN_EMPTY_BODY = YES;
				CLANG_WARN_ENUM_CONVERSION = YES;
				CLANG_WARN_INFINITE_RECURSION = YES;
				CLANG_WARN_INT_CONVERSION = YES;
				CLANG_WARN_NON_LITERAL_NULL_CONVERSION = YES;
				CLANG_WARN_OBJC_IMPLICIT_RETAIN_SELF = YES;
				CLANG_WARN_OBJC_LITERAL_CONVERSION = YES;
				CLANG_WARN_OBJC_ROOT_CLASS = YES_ERROR;
				CLANG_WARN_RANGE_LOOP_ANALYSIS = YES;
				CLANG_WARN_STRICT_PROTOTYPES = YES;
				CLANG_WARN_SUSPICIOUS_MOVE = YES;
				CLANG_WARN_UNGUARDED_AVAILABILITY = YES_AGGRESSIVE;
				CLANG_WARN_UNREACHABLE_CODE = YES;
				CLANG_WARN__DUPLICATE_METHOD_MATCH = YES;
				COPY_PHASE_STRIP = NO;
				DEBUG_INFORMATION_FORMAT = dwarf;
				ENABLE_STRICT_OBJC_MSGSEND = YES;
				ENABLE_TESTABILITY = YES;
				GCC_C_LANGUAGE_STANDARD = gnu11;
				GCC_DYNAMIC_NO_PIC = NO;
				GCC_NO_COMMON_BLOCKS = YES;
				GCC_OPTIMIZATION_LEVEL = 0;
				GCC_PREPROCESSOR_DEFINITIONS = (
					"DEBUG=1",
					"$(inherited)",
				);
				GCC_WARN_64_TO_32_BIT_CONVERSION = YES;
				GCC_WARN_ABOUT_RETURN_TYPE = YES_ERROR;
				GCC_WARN_UNDECLARED_SELECTOR = YES;
				GCC_WARN_UNINITIALIZED_AUTOS = YES_AGGRESSIVE;
				GCC_WARN_UNUSED_FUNCTION = YES;
				GCC_WARN_UNUSED_VARIABLE = YES;
				IPHONEOS_DEPLOYMENT_TARGET = 13.5;
				MTL_ENABLE_DEBUG_INFO = INCLUDE_SOURCE;
				MTL_FAST_MATH = YES;
				ONLY_ACTIVE_ARCH = YES;
				SDKROOT = iphoneos;
				SWIFT_ACTIVE_COMPILATION_CONDITIONS = DEBUG;
				SWIFT_OPTIMIZATION_LEVEL = "-Onone";
			};
			name = Debug;
		};
		8C16EDAD248C7E2A00AEE8FE /* Release */ = {
			isa = XCBuildConfiguration;
			buildSettings = {
				ALWAYS_SEARCH_USER_PATHS = NO;
				CLANG_ANALYZER_NONNULL = YES;
				CLANG_ANALYZER_NUMBER_OBJECT_CONVERSION = YES_AGGRESSIVE;
				CLANG_CXX_LANGUAGE_STANDARD = "gnu++14";
				CLANG_CXX_LIBRARY = "libc++";
				CLANG_ENABLE_MODULES = YES;
				CLANG_ENABLE_OBJC_ARC = YES;
				CLANG_ENABLE_OBJC_WEAK = YES;
				CLANG_WARN_BLOCK_CAPTURE_AUTORELEASING = YES;
				CLANG_WARN_BOOL_CONVERSION = YES;
				CLANG_WARN_COMMA = YES;
				CLANG_WARN_CONSTANT_CONVERSION = YES;
				CLANG_WARN_DEPRECATED_OBJC_IMPLEMENTATIONS = YES;
				CLANG_WARN_DIRECT_OBJC_ISA_USAGE = YES_ERROR;
				CLANG_WARN_DOCUMENTATION_COMMENTS = YES;
				CLANG_WARN_EMPTY_BODY = YES;
				CLANG_WARN_ENUM_CONVERSION = YES;
				CLANG_WARN_INFINITE_RECURSION = YES;
				CLANG_WARN_INT_CONVERSION = YES;
				CLANG_WARN_NON_LITERAL_NULL_CONVERSION = YES;
				CLANG_WARN_OBJC_IMPLICIT_RETAIN_SELF = YES;
				CLANG_WARN_OBJC_LITERAL_CONVERSION = YES;
				CLANG_WARN_OBJC_ROOT_CLASS = YES_ERROR;
				CLANG_WARN_RANGE_LOOP_ANALYSIS = YES;
				CLANG_WARN_STRICT_PROTOTYPES = YES;
				CLANG_WARN_SUSPICIOUS_MOVE = YES;
				CLANG_WARN_UNGUARDED_AVAILABILITY = YES_AGGRESSIVE;
				CLANG_WARN_UNREACHABLE_CODE = YES;
				CLANG_WARN__DUPLICATE_METHOD_MATCH = YES;
				COPY_PHASE_STRIP = NO;
				DEBUG_INFORMATION_FORMAT = "dwarf-with-dsym";
				ENABLE_NS_ASSERTIONS = NO;
				ENABLE_STRICT_OBJC_MSGSEND = YES;
				GCC_C_LANGUAGE_STANDARD = gnu11;
				GCC_NO_COMMON_BLOCKS = YES;
				GCC_WARN_64_TO_32_BIT_CONVERSION = YES;
				GCC_WARN_ABOUT_RETURN_TYPE = YES_ERROR;
				GCC_WARN_UNDECLARED_SELECTOR = YES;
				GCC_WARN_UNINITIALIZED_AUTOS = YES_AGGRESSIVE;
				GCC_WARN_UNUSED_FUNCTION = YES;
				GCC_WARN_UNUSED_VARIABLE = YES;
				IPHONEOS_DEPLOYMENT_TARGET = 13.5;
				MTL_ENABLE_DEBUG_INFO = NO;
				MTL_FAST_MATH = YES;
				SDKROOT = iphoneos;
				SWIFT_COMPILATION_MODE = wholemodule;
				SWIFT_OPTIMIZATION_LEVEL = "-O";
				VALIDATE_PRODUCT = YES;
			};
			name = Release;
		};
		8C16EDAF248C7E2A00AEE8FE /* Debug */ = {
			isa = XCBuildConfiguration;
			buildSettings = {
				ASSETCATALOG_COMPILER_APPICON_NAME = AppIcon;
				CODE_SIGN_STYLE = Automatic;
				DEVELOPMENT_ASSET_PATHS = "\"Slot Machine/Preview Content\"";
				DEVELOPMENT_TEAM = 3GTSC8DL76;
				ENABLE_PREVIEWS = YES;
				INFOPLIST_FILE = "Slot Machine/Info.plist";
				LD_RUNPATH_SEARCH_PATHS = (
					"$(inherited)",
					"@executable_path/Frameworks",
				);
				PRODUCT_BUNDLE_IDENTIFIER = "com.shoheihayashi.Slot-Machine";
				PRODUCT_NAME = "$(TARGET_NAME)";
				SWIFT_VERSION = 5.0;
				TARGETED_DEVICE_FAMILY = "1,2";
			};
			name = Debug;
		};
		8C16EDB0248C7E2A00AEE8FE /* Release */ = {
			isa = XCBuildConfiguration;
			buildSettings = {
				ASSETCATALOG_COMPILER_APPICON_NAME = AppIcon;
				CODE_SIGN_STYLE = Automatic;
				DEVELOPMENT_ASSET_PATHS = "\"Slot Machine/Preview Content\"";
				DEVELOPMENT_TEAM = 3GTSC8DL76;
				ENABLE_PREVIEWS = YES;
				INFOPLIST_FILE = "Slot Machine/Info.plist";
				LD_RUNPATH_SEARCH_PATHS = (
					"$(inherited)",
					"@executable_path/Frameworks",
				);
				PRODUCT_BUNDLE_IDENTIFIER = "com.shoheihayashi.Slot-Machine";
				PRODUCT_NAME = "$(TARGET_NAME)";
				SWIFT_VERSION = 5.0;
				TARGETED_DEVICE_FAMILY = "1,2";
			};
			name = Release;
		};
/* End XCBuildConfiguration section */

/* Begin XCConfigurationList section */
		8C16ED95248C7E2700AEE8FE /* Build configuration list for PBXProject "Slot Machine" */ = {
			isa = XCConfigurationList;
			buildConfigurations = (
				8C16EDAC248C7E2A00AEE8FE /* Debug */,
				8C16EDAD248C7E2A00AEE8FE /* Release */,
			);
			defaultConfigurationIsVisible = 0;
			defaultConfigurationName = Release;
		};
		8C16EDAE248C7E2A00AEE8FE /* Build configuration list for PBXNativeTarget "Slot Machine" */ = {
			isa = XCConfigurationList;
			buildConfigurations = (
				8C16EDAF248C7E2A00AEE8FE /* Debug */,
				8C16EDB0248C7E2A00AEE8FE /* Release */,
			);
			defaultConfigurationIsVisible = 0;
			defaultConfigurationName = Release;
		};
/* End XCConfigurationList section */
	};
	rootObject = 8C16ED92248C7E2700AEE8FE /* Project object */;
}
